// !$*UTF8*$!
{
	archiveVersion = 1;
	classes = {
	};
	objectVersion = 54;
	objects = {

/* Begin PBXBuildFile section */
		2D1389562753A04600CCED93 /* AppDelegate.swift in Sources */ = {isa = PBXBuildFile; fileRef = 2D1389552753A04600CCED93 /* AppDelegate.swift */; };
		2D1389582753A04600CCED93 /* SceneDelegate.swift in Sources */ = {isa = PBXBuildFile; fileRef = 2D1389572753A04600CCED93 /* SceneDelegate.swift */; };
		2D13895A2753A04600CCED93 /* ViewController.swift in Sources */ = {isa = PBXBuildFile; fileRef = 2D1389592753A04600CCED93 /* ViewController.swift */; };
		2D13895D2753A04600CCED93 /* Main.storyboard in Resources */ = {isa = PBXBuildFile; fileRef = 2D13895B2753A04600CCED93 /* Main.storyboard */; };
		2D13895F2753A04800CCED93 /* Assets.xcassets in Resources */ = {isa = PBXBuildFile; fileRef = 2D13895E2753A04800CCED93 /* Assets.xcassets */; };
		2D1389622753A04800CCED93 /* LaunchScreen.storyboard in Resources */ = {isa = PBXBuildFile; fileRef = 2D1389602753A04800CCED93 /* LaunchScreen.storyboard */; };
		2D13896A2753A32800CCED93 /* TabBarController.swift in Sources */ = {isa = PBXBuildFile; fileRef = 2D1389692753A32800CCED93 /* TabBarController.swift */; };
		2D13896C2753AD4100CCED93 /* SearchCollectionViewController.swift in Sources */ = {isa = PBXBuildFile; fileRef = 2D13896B2753AD4100CCED93 /* SearchCollectionViewController.swift */; };
		2D163D6F2757D21B002AAF6F /* AppsNewsModel.swift in Sources */ = {isa = PBXBuildFile; fileRef = 2D163D6E2757D21B002AAF6F /* AppsNewsModel.swift */; };
		2D163D712757D747002AAF6F /* AppsView.swift in Sources */ = {isa = PBXBuildFile; fileRef = 2D163D702757D747002AAF6F /* AppsView.swift */; };
		2D163D732757F7D4002AAF6F /* HorizontalSnappingView.swift in Sources */ = {isa = PBXBuildFile; fileRef = 2D163D722757F7D4002AAF6F /* HorizontalSnappingView.swift */; };
		2D163D7527580091002AAF6F /* DetailAppsController.swift in Sources */ = {isa = PBXBuildFile; fileRef = 2D163D7427580091002AAF6F /* DetailAppsController.swift */; };
		2D163D7727580B23002AAF6F /* DetailViewCell.swift in Sources */ = {isa = PBXBuildFile; fileRef = 2D163D7627580B23002AAF6F /* DetailViewCell.swift */; };
		2D245BFA2761316700781E6C /* TodayItem.swift in Sources */ = {isa = PBXBuildFile; fileRef = 2D245BF92761316700781E6C /* TodayItem.swift */; };
		2D263F192755343F0039AC5F /* AppsCollectionViewController.swift in Sources */ = {isa = PBXBuildFile; fileRef = 2D263F182755343F0039AC5F /* AppsCollectionViewController.swift */; };
		2D263F1D275535400039AC5F /* AppsCollectionViewCell.swift in Sources */ = {isa = PBXBuildFile; fileRef = 2D263F1C275535400039AC5F /* AppsCollectionViewCell.swift */; };
		2D263F1F2755364E0039AC5F /* HorizontalCollectionViewController.swift in Sources */ = {isa = PBXBuildFile; fileRef = 2D263F1E2755364E0039AC5F /* HorizontalCollectionViewController.swift */; };
		2D263F2127554AE80039AC5F /* AppsCell.swift in Sources */ = {isa = PBXBuildFile; fileRef = 2D263F2027554AE70039AC5F /* AppsCell.swift */; };
		2D44D1BD27555E160000A749 /* HeaderView.swift in Sources */ = {isa = PBXBuildFile; fileRef = 2D44D1BC27555E160000A749 /* HeaderView.swift */; };
		2D44D1BF27555F4A0000A749 /* HeaderCollectionViewController.swift in Sources */ = {isa = PBXBuildFile; fileRef = 2D44D1BE27555F4A0000A749 /* HeaderCollectionViewController.swift */; };
		2D44D1C12755607A0000A749 /* HeaderCell.swift in Sources */ = {isa = PBXBuildFile; fileRef = 2D44D1C02755607A0000A749 /* HeaderCell.swift */; };
		2D44D1C42755656F0000A749 /* AppsFetchModel.swift in Sources */ = {isa = PBXBuildFile; fileRef = 2D44D1C32755656F0000A749 /* AppsFetchModel.swift */; };
		2D4F8B56275E9294003B100F /* TodayController.swift in Sources */ = {isa = PBXBuildFile; fileRef = 2D4F8B55275E9294003B100F /* TodayController.swift */; };
		2D4F8B59275E9340003B100F /* TodayCell.swift in Sources */ = {isa = PBXBuildFile; fileRef = 2D4F8B58275E9340003B100F /* TodayCell.swift */; };
		2D5DA85A27592EF0008CAB09 /* PreviewCell.swift in Sources */ = {isa = PBXBuildFile; fileRef = 2D5DA85927592EF0008CAB09 /* PreviewCell.swift */; };
		2D5DA85C27592F7B008CAB09 /* HorizontalPreviewController.swift in Sources */ = {isa = PBXBuildFile; fileRef = 2D5DA85B27592F7B008CAB09 /* HorizontalPreviewController.swift */; };
		2D5DA85E27593150008CAB09 /* HorizontalPreviewCell.swift in Sources */ = {isa = PBXBuildFile; fileRef = 2D5DA85D27593150008CAB09 /* HorizontalPreviewCell.swift */; };
		2D5DA86127594883008CAB09 /* ReviewViewCell.swift in Sources */ = {isa = PBXBuildFile; fileRef = 2D5DA86027594883008CAB09 /* ReviewViewCell.swift */; };
		2D5DA863275949FE008CAB09 /* HorizontalReviewController.swift in Sources */ = {isa = PBXBuildFile; fileRef = 2D5DA862275949FE008CAB09 /* HorizontalReviewController.swift */; };
		2D5DA86527594AB9008CAB09 /* HorizontalReviewCell.swift in Sources */ = {isa = PBXBuildFile; fileRef = 2D5DA86427594AB9008CAB09 /* HorizontalReviewCell.swift */; };
		2D86E794276275100091E8FE /* MultiplyController.swift in Sources */ = {isa = PBXBuildFile; fileRef = 2D86E793276275100091E8FE /* MultiplyController.swift */; };
		2D86E7962762757C0091E8FE /* MultiplyCell.swift in Sources */ = {isa = PBXBuildFile; fileRef = 2D86E7952762757C0091E8FE /* MultiplyCell.swift */; };
		2D86E798276288600091E8FE /* TodayListView.swift in Sources */ = {isa = PBXBuildFile; fileRef = 2D86E797276288600091E8FE /* TodayListView.swift */; };
		2DA9AA78276E6B9600220DC9 /* FloatingControlsView.swift in Sources */ = {isa = PBXBuildFile; fileRef = 2DA9AA77276E6B9600220DC9 /* FloatingControlsView.swift */; };
		2DBCD1EB275FD82B005B7C02 /* TodayFullScreenView.swift in Sources */ = {isa = PBXBuildFile; fileRef = 2DBCD1EA275FD82B005B7C02 /* TodayFullScreenView.swift */; };
		2DBCD1ED275FE801005B7C02 /* TopFullViewCell.swift in Sources */ = {isa = PBXBuildFile; fileRef = 2DBCD1EC275FE801005B7C02 /* TopFullViewCell.swift */; };
		2DBCD1EF275FEA30005B7C02 /* FullViewDescriptionCell.swift in Sources */ = {isa = PBXBuildFile; fileRef = 2DBCD1EE275FEA30005B7C02 /* FullViewDescriptionCell.swift */; };
		2DC3F64827692F7400C704F3 /* BackEnabledNavigationController.swift in Sources */ = {isa = PBXBuildFile; fileRef = 2DC3F64727692F7400C704F3 /* BackEnabledNavigationController.swift */; };
		2DD1E52627626533000F8898 /* TodayMultiplyCell.swift in Sources */ = {isa = PBXBuildFile; fileRef = 2DD1E52527626533000F8898 /* TodayMultiplyCell.swift */; };
		2DD1E52827626A8B000F8898 /* BaseTodayCell.swift in Sources */ = {isa = PBXBuildFile; fileRef = 2DD1E52727626A8B000F8898 /* BaseTodayCell.swift */; };
		2DDC7227275AB2F500F233C5 /* ReviewsModel.swift in Sources */ = {isa = PBXBuildFile; fileRef = 2DDC7226275AB2F500F233C5 /* ReviewsModel.swift */; };
		2DF6F7412753CA6000E28BA2 /* SearchCollectionViewCell.swift in Sources */ = {isa = PBXBuildFile; fileRef = 2DF6F7402753CA6000E28BA2 /* SearchCollectionViewCell.swift */; };
		2DF6F7432753CABC00E28BA2 /* SearchCellView.swift in Sources */ = {isa = PBXBuildFile; fileRef = 2DF6F7422753CABC00E28BA2 /* SearchCellView.swift */; };
		2DF6F7452753E0F500E28BA2 /* VerticalStackView.swift in Sources */ = {isa = PBXBuildFile; fileRef = 2DF6F7442753E0F500E28BA2 /* VerticalStackView.swift */; };
		2DF6F74A2754036800E28BA2 /* SearchResultsModel.swift in Sources */ = {isa = PBXBuildFile; fileRef = 2DF6F7492754036800E28BA2 /* SearchResultsModel.swift */; };
		2DF6F75027540D5800E28BA2 /* NetworkManager.swift in Sources */ = {isa = PBXBuildFile; fileRef = 2DF6F74F27540D5800E28BA2 /* NetworkManager.swift */; };
		D29FF047048016B86350F491 /* Pods_AppStoreClone.framework in Frameworks */ = {isa = PBXBuildFile; fileRef = A6B4DE56BF88A492ED00FC7E /* Pods_AppStoreClone.framework */; };
/* End PBXBuildFile section */

/* Begin PBXFileReference section */
		108DF943DB2247A4C922FA09 /* Pods-AppStoreClone.release.xcconfig */ = {isa = PBXFileReference; includeInIndex = 1; lastKnownFileType = text.xcconfig; name = "Pods-AppStoreClone.release.xcconfig"; path = "Target Support Files/Pods-AppStoreClone/Pods-AppStoreClone.release.xcconfig"; sourceTree = "<group>"; };
		2C6321E9341326FEB1F303E0 /* Pods-AppStoreClone.debug.xcconfig */ = {isa = PBXFileReference; includeInIndex = 1; lastKnownFileType = text.xcconfig; name = "Pods-AppStoreClone.debug.xcconfig"; path = "Target Support Files/Pods-AppStoreClone/Pods-AppStoreClone.debug.xcconfig"; sourceTree = "<group>"; };
		2D1389522753A04600CCED93 /* AppStoreClone.app */ = {isa = PBXFileReference; explicitFileType = wrapper.application; includeInIndex = 0; path = AppStoreClone.app; sourceTree = BUILT_PRODUCTS_DIR; };
		2D1389552753A04600CCED93 /* AppDelegate.swift */ = {isa = PBXFileReference; lastKnownFileType = sourcecode.swift; path = AppDelegate.swift; sourceTree = "<group>"; };
		2D1389572753A04600CCED93 /* SceneDelegate.swift */ = {isa = PBXFileReference; lastKnownFileType = sourcecode.swift; path = SceneDelegate.swift; sourceTree = "<group>"; };
		2D1389592753A04600CCED93 /* ViewController.swift */ = {isa = PBXFileReference; lastKnownFileType = sourcecode.swift; path = ViewController.swift; sourceTree = "<group>"; };
		2D13895C2753A04600CCED93 /* Base */ = {isa = PBXFileReference; lastKnownFileType = file.storyboard; name = Base; path = Base.lproj/Main.storyboard; sourceTree = "<group>"; };
		2D13895E2753A04800CCED93 /* Assets.xcassets */ = {isa = PBXFileReference; lastKnownFileType = folder.assetcatalog; path = Assets.xcassets; sourceTree = "<group>"; };
		2D1389612753A04800CCED93 /* Base */ = {isa = PBXFileReference; lastKnownFileType = file.storyboard; name = Base; path = Base.lproj/LaunchScreen.storyboard; sourceTree = "<group>"; };
		2D1389632753A04800CCED93 /* Info.plist */ = {isa = PBXFileReference; lastKnownFileType = text.plist.xml; path = Info.plist; sourceTree = "<group>"; };
		2D1389692753A32800CCED93 /* TabBarController.swift */ = {isa = PBXFileReference; lastKnownFileType = sourcecode.swift; path = TabBarController.swift; sourceTree = "<group>"; };
		2D13896B2753AD4100CCED93 /* SearchCollectionViewController.swift */ = {isa = PBXFileReference; lastKnownFileType = sourcecode.swift; path = SearchCollectionViewController.swift; sourceTree = "<group>"; };
		2D163D6E2757D21B002AAF6F /* AppsNewsModel.swift */ = {isa = PBXFileReference; lastKnownFileType = sourcecode.swift; path = AppsNewsModel.swift; sourceTree = "<group>"; };
		2D163D702757D747002AAF6F /* AppsView.swift */ = {isa = PBXFileReference; lastKnownFileType = sourcecode.swift; path = AppsView.swift; sourceTree = "<group>"; };
		2D163D722757F7D4002AAF6F /* HorizontalSnappingView.swift */ = {isa = PBXFileReference; lastKnownFileType = sourcecode.swift; path = HorizontalSnappingView.swift; sourceTree = "<group>"; };
		2D163D7427580091002AAF6F /* DetailAppsController.swift */ = {isa = PBXFileReference; lastKnownFileType = sourcecode.swift; path = DetailAppsController.swift; sourceTree = "<group>"; };
		2D163D7627580B23002AAF6F /* DetailViewCell.swift */ = {isa = PBXFileReference; lastKnownFileType = sourcecode.swift; path = DetailViewCell.swift; sourceTree = "<group>"; };
		2D245BF92761316700781E6C /* TodayItem.swift */ = {isa = PBXFileReference; lastKnownFileType = sourcecode.swift; path = TodayItem.swift; sourceTree = "<group>"; };
		2D263F182755343F0039AC5F /* AppsCollectionViewController.swift */ = {isa = PBXFileReference; lastKnownFileType = sourcecode.swift; path = AppsCollectionViewController.swift; sourceTree = "<group>"; };
		2D263F1C275535400039AC5F /* AppsCollectionViewCell.swift */ = {isa = PBXFileReference; lastKnownFileType = sourcecode.swift; path = AppsCollectionViewCell.swift; sourceTree = "<group>"; };
		2D263F1E2755364E0039AC5F /* HorizontalCollectionViewController.swift */ = {isa = PBXFileReference; lastKnownFileType = sourcecode.swift; path = HorizontalCollectionViewController.swift; sourceTree = "<group>"; };
		2D263F2027554AE70039AC5F /* AppsCell.swift */ = {isa = PBXFileReference; lastKnownFileType = sourcecode.swift; path = AppsCell.swift; sourceTree = "<group>"; };
		2D44D1BC27555E160000A749 /* HeaderView.swift */ = {isa = PBXFileReference; lastKnownFileType = sourcecode.swift; path = HeaderView.swift; sourceTree = "<group>"; };
		2D44D1BE27555F4A0000A749 /* HeaderCollectionViewController.swift */ = {isa = PBXFileReference; lastKnownFileType = sourcecode.swift; path = HeaderCollectionViewController.swift; sourceTree = "<group>"; };
		2D44D1C02755607A0000A749 /* HeaderCell.swift */ = {isa = PBXFileReference; lastKnownFileType = sourcecode.swift; path = HeaderCell.swift; sourceTree = "<group>"; };
		2D44D1C32755656F0000A749 /* AppsFetchModel.swift */ = {isa = PBXFileReference; lastKnownFileType = sourcecode.swift; path = AppsFetchModel.swift; sourceTree = "<group>"; };
		2D4F8B55275E9294003B100F /* TodayController.swift */ = {isa = PBXFileReference; lastKnownFileType = sourcecode.swift; path = TodayController.swift; sourceTree = "<group>"; };
		2D4F8B58275E9340003B100F /* TodayCell.swift */ = {isa = PBXFileReference; lastKnownFileType = sourcecode.swift; path = TodayCell.swift; sourceTree = "<group>"; };
		2D5DA85927592EF0008CAB09 /* PreviewCell.swift */ = {isa = PBXFileReference; lastKnownFileType = sourcecode.swift; path = PreviewCell.swift; sourceTree = "<group>"; };
		2D5DA85B27592F7B008CAB09 /* HorizontalPreviewController.swift */ = {isa = PBXFileReference; lastKnownFileType = sourcecode.swift; path = HorizontalPreviewController.swift; sourceTree = "<group>"; };
		2D5DA85D27593150008CAB09 /* HorizontalPreviewCell.swift */ = {isa = PBXFileReference; lastKnownFileType = sourcecode.swift; path = HorizontalPreviewCell.swift; sourceTree = "<group>"; };
		2D5DA86027594883008CAB09 /* ReviewViewCell.swift */ = {isa = PBXFileReference; lastKnownFileType = sourcecode.swift; path = ReviewViewCell.swift; sourceTree = "<group>"; };
		2D5DA862275949FE008CAB09 /* HorizontalReviewController.swift */ = {isa = PBXFileReference; lastKnownFileType = sourcecode.swift; path = HorizontalReviewController.swift; sourceTree = "<group>"; };
		2D5DA86427594AB9008CAB09 /* HorizontalReviewCell.swift */ = {isa = PBXFileReference; lastKnownFileType = sourcecode.swift; path = HorizontalReviewCell.swift; sourceTree = "<group>"; };
		2D86E793276275100091E8FE /* MultiplyController.swift */ = {isa = PBXFileReference; lastKnownFileType = sourcecode.swift; path = MultiplyController.swift; sourceTree = "<group>"; };
		2D86E7952762757C0091E8FE /* MultiplyCell.swift */ = {isa = PBXFileReference; lastKnownFileType = sourcecode.swift; path = MultiplyCell.swift; sourceTree = "<group>"; };
		2D86E797276288600091E8FE /* TodayListView.swift */ = {isa = PBXFileReference; lastKnownFileType = sourcecode.swift; path = TodayListView.swift; sourceTree = "<group>"; };
		2DA9AA77276E6B9600220DC9 /* FloatingControlsView.swift */ = {isa = PBXFileReference; lastKnownFileType = sourcecode.swift; path = FloatingControlsView.swift; sourceTree = "<group>"; };
		2DBCD1EA275FD82B005B7C02 /* TodayFullScreenView.swift */ = {isa = PBXFileReference; lastKnownFileType = sourcecode.swift; path = TodayFullScreenView.swift; sourceTree = "<group>"; };
		2DBCD1EC275FE801005B7C02 /* TopFullViewCell.swift */ = {isa = PBXFileReference; lastKnownFileType = sourcecode.swift; path = TopFullViewCell.swift; sourceTree = "<group>"; };
		2DBCD1EE275FEA30005B7C02 /* FullViewDescriptionCell.swift */ = {isa = PBXFileReference; lastKnownFileType = sourcecode.swift; path = FullViewDescriptionCell.swift; sourceTree = "<group>"; };
		2DC3F64727692F7400C704F3 /* BackEnabledNavigationController.swift */ = {isa = PBXFileReference; lastKnownFileType = sourcecode.swift; path = BackEnabledNavigationController.swift; sourceTree = "<group>"; };
		2DD1E52527626533000F8898 /* TodayMultiplyCell.swift */ = {isa = PBXFileReference; lastKnownFileType = sourcecode.swift; path = TodayMultiplyCell.swift; sourceTree = "<group>"; };
		2DD1E52727626A8B000F8898 /* BaseTodayCell.swift */ = {isa = PBXFileReference; lastKnownFileType = sourcecode.swift; path = BaseTodayCell.swift; sourceTree = "<group>"; };
		2DDC7226275AB2F500F233C5 /* ReviewsModel.swift */ = {isa = PBXFileReference; lastKnownFileType = sourcecode.swift; path = ReviewsModel.swift; sourceTree = "<group>"; };
		2DF6F7402753CA6000E28BA2 /* SearchCollectionViewCell.swift */ = {isa = PBXFileReference; lastKnownFileType = sourcecode.swift; path = SearchCollectionViewCell.swift; sourceTree = "<group>"; };
		2DF6F7422753CABC00E28BA2 /* SearchCellView.swift */ = {isa = PBXFileReference; lastKnownFileType = sourcecode.swift; path = SearchCellView.swift; sourceTree = "<group>"; };
		2DF6F7442753E0F500E28BA2 /* VerticalStackView.swift */ = {isa = PBXFileReference; lastKnownFileType = sourcecode.swift; path = VerticalStackView.swift; sourceTree = "<group>"; };
		2DF6F7492754036800E28BA2 /* SearchResultsModel.swift */ = {isa = PBXFileReference; lastKnownFileType = sourcecode.swift; path = SearchResultsModel.swift; sourceTree = "<group>"; };
		2DF6F74F27540D5800E28BA2 /* NetworkManager.swift */ = {isa = PBXFileReference; lastKnownFileType = sourcecode.swift; path = NetworkManager.swift; sourceTree = "<group>"; };
		A6B4DE56BF88A492ED00FC7E /* Pods_AppStoreClone.framework */ = {isa = PBXFileReference; explicitFileType = wrapper.framework; includeInIndex = 0; path = Pods_AppStoreClone.framework; sourceTree = BUILT_PRODUCTS_DIR; };
/* End PBXFileReference section */

/* Begin PBXFrameworksBuildPhase section */
		2D13894F2753A04600CCED93 /* Frameworks */ = {
			isa = PBXFrameworksBuildPhase;
			buildActionMask = 2147483647;
			files = (
				D29FF047048016B86350F491 /* Pods_AppStoreClone.framework in Frameworks */,
			);
			runOnlyForDeploymentPostprocessing = 0;
		};
/* End PBXFrameworksBuildPhase section */

/* Begin PBXGroup section */
		04EED74EEA5B3E15DD04E339 /* Frameworks */ = {
			isa = PBXGroup;
			children = (
				A6B4DE56BF88A492ED00FC7E /* Pods_AppStoreClone.framework */,
			);
			name = Frameworks;
			sourceTree = "<group>";
		};
		2D1389492753A04600CCED93 = {
			isa = PBXGroup;
			children = (
				2D1389542753A04600CCED93 /* AppStoreClone */,
				2D1389532753A04600CCED93 /* Products */,
				A75F8324C8626D40F8BD3EC2 /* Pods */,
				04EED74EEA5B3E15DD04E339 /* Frameworks */,
			);
			sourceTree = "<group>";
		};
		2D1389532753A04600CCED93 /* Products */ = {
			isa = PBXGroup;
			children = (
				2D1389522753A04600CCED93 /* AppStoreClone.app */,
			);
			name = Products;
			sourceTree = "<group>";
		};
		2D1389542753A04600CCED93 /* AppStoreClone */ = {
			isa = PBXGroup;
			children = (
				2D1389552753A04600CCED93 /* AppDelegate.swift */,
				2D1389572753A04600CCED93 /* SceneDelegate.swift */,
				2D1389592753A04600CCED93 /* ViewController.swift */,
				2D1389692753A32800CCED93 /* TabBarController.swift */,
				2DF6F74E27540D3000E28BA2 /* NetworkManager */,
				2DF6F7482753E28700E28BA2 /* Helpers */,
				2D4F8B54275E926A003B100F /* TodayVC */,
				2DF6F7462753E25E00E28BA2 /* SearchResultsVC */,
				2D263F1A2755351D0039AC5F /* AppsVC */,
				2D13895B2753A04600CCED93 /* Main.storyboard */,
				2D13895E2753A04800CCED93 /* Assets.xcassets */,
				2D1389602753A04800CCED93 /* LaunchScreen.storyboard */,
				2D1389632753A04800CCED93 /* Info.plist */,
			);
			path = AppStoreClone;
			sourceTree = "<group>";
		};
		2D245BF82761314C00781E6C /* Model */ = {
			isa = PBXGroup;
			children = (
				2D245BF92761316700781E6C /* TodayItem.swift */,
			);
			path = Model;
			sourceTree = "<group>";
		};
		2D263F1A2755351D0039AC5F /* AppsVC */ = {
			isa = PBXGroup;
			children = (
				2D5DA852275926FC008CAB09 /* Header */,
				2D4F8B53275E7256003B100F /* Apps */,
				2D5DA8542759275E008CAB09 /* DetailsVC */,
				2D44D1C2275565500000A749 /* Service */,
			);
			path = AppsVC;
			sourceTree = "<group>";
		};
		2D263F1B275535290039AC5F /* Cell */ = {
			isa = PBXGroup;
			children = (
				2D263F1C275535400039AC5F /* AppsCollectionViewCell.swift */,
				2D263F2027554AE70039AC5F /* AppsCell.swift */,
			);
			path = Cell;
			sourceTree = "<group>";
		};
		2D44D1C2275565500000A749 /* Service */ = {
			isa = PBXGroup;
			children = (
				2D44D1C32755656F0000A749 /* AppsFetchModel.swift */,
				2DDC7226275AB2F500F233C5 /* ReviewsModel.swift */,
				2D163D6E2757D21B002AAF6F /* AppsNewsModel.swift */,
			);
			path = Service;
			sourceTree = "<group>";
		};
		2D4F8B51275E71DE003B100F /* Details */ = {
			isa = PBXGroup;
			children = (
				2D163D7427580091002AAF6F /* DetailAppsController.swift */,
				2D5DA8552759276A008CAB09 /* Cell */,
			);
			path = Details;
			sourceTree = "<group>";
		};
		2D4F8B52275E7206003B100F /* Cells */ = {
			isa = PBXGroup;
			children = (
				2D5DA86027594883008CAB09 /* ReviewViewCell.swift */,
				2D5DA86427594AB9008CAB09 /* HorizontalReviewCell.swift */,
			);
			path = Cells;
			sourceTree = "<group>";
		};
		2D4F8B53275E7256003B100F /* Apps */ = {
			isa = PBXGroup;
			children = (
				2D263F182755343F0039AC5F /* AppsCollectionViewController.swift */,
				2D263F1E2755364E0039AC5F /* HorizontalCollectionViewController.swift */,
				2D163D702757D747002AAF6F /* AppsView.swift */,
				2D263F1B275535290039AC5F /* Cell */,
			);
			path = Apps;
			sourceTree = "<group>";
		};
		2D4F8B54275E926A003B100F /* TodayVC */ = {
			isa = PBXGroup;
			children = (
				2D86E799276288790091E8FE /* View */,
				2D245BF82761314C00781E6C /* Model */,
				2D4F8B55275E9294003B100F /* TodayController.swift */,
				2D86E793276275100091E8FE /* MultiplyController.swift */,
				2DBCD1EA275FD82B005B7C02 /* TodayFullScreenView.swift */,
				2DA9AA77276E6B9600220DC9 /* FloatingControlsView.swift */,
				2D4F8B57275E932E003B100F /* Cells */,
			);
			path = TodayVC;
			sourceTree = "<group>";
		};
		2D4F8B57275E932E003B100F /* Cells */ = {
			isa = PBXGroup;
			children = (
				2D4F8B58275E9340003B100F /* TodayCell.swift */,
				2DD1E52527626533000F8898 /* TodayMultiplyCell.swift */,
				2D86E7952762757C0091E8FE /* MultiplyCell.swift */,
				2DBCD1EC275FE801005B7C02 /* TopFullViewCell.swift */,
				2DBCD1EE275FEA30005B7C02 /* FullViewDescriptionCell.swift */,
				2DD1E52727626A8B000F8898 /* BaseTodayCell.swift */,
			);
			path = Cells;
			sourceTree = "<group>";
		};
		2D5DA852275926FC008CAB09 /* Header */ = {
			isa = PBXGroup;
			children = (
				2D44D1BE27555F4A0000A749 /* HeaderCollectionViewController.swift */,
				2D5DA8532759270D008CAB09 /* Cell */,
			);
			path = Header;
			sourceTree = "<group>";
		};
		2D5DA8532759270D008CAB09 /* Cell */ = {
			isa = PBXGroup;
			children = (
				2D44D1BC27555E160000A749 /* HeaderView.swift */,
				2D44D1C02755607A0000A749 /* HeaderCell.swift */,
			);
			path = Cell;
			sourceTree = "<group>";
		};
		2D5DA8542759275E008CAB09 /* DetailsVC */ = {
			isa = PBXGroup;
			children = (
				2D4F8B51275E71DE003B100F /* Details */,
				2D5DA8562759279B008CAB09 /* PreviewScreenshots */,
				2D5DA85F27594862008CAB09 /* Review&stars */,
			);
			path = DetailsVC;
			sourceTree = "<group>";
		};
		2D5DA8552759276A008CAB09 /* Cell */ = {
			isa = PBXGroup;
			children = (
				2D163D7627580B23002AAF6F /* DetailViewCell.swift */,
			);
			path = Cell;
			sourceTree = "<group>";
		};
		2D5DA8562759279B008CAB09 /* PreviewScreenshots */ = {
			isa = PBXGroup;
			children = (
				2D5DA85B27592F7B008CAB09 /* HorizontalPreviewController.swift */,
				2D5DA85827592ED3008CAB09 /* Cells */,
			);
			path = PreviewScreenshots;
			sourceTree = "<group>";
		};
		2D5DA85827592ED3008CAB09 /* Cells */ = {
			isa = PBXGroup;
			children = (
				2D5DA85927592EF0008CAB09 /* PreviewCell.swift */,
				2D5DA85D27593150008CAB09 /* HorizontalPreviewCell.swift */,
			);
			path = Cells;
			sourceTree = "<group>";
		};
		2D5DA85F27594862008CAB09 /* Review&stars */ = {
			isa = PBXGroup;
			children = (
				2D5DA862275949FE008CAB09 /* HorizontalReviewController.swift */,
				2D4F8B52275E7206003B100F /* Cells */,
			);
			path = "Review&stars";
			sourceTree = "<group>";
		};
		2D86E799276288790091E8FE /* View */ = {
			isa = PBXGroup;
			children = (
				2D86E797276288600091E8FE /* TodayListView.swift */,
			);
			path = View;
			sourceTree = "<group>";
		};
		2DF6F7462753E25E00E28BA2 /* SearchResultsVC */ = {
			isa = PBXGroup;
			children = (
				2D13896B2753AD4100CCED93 /* SearchCollectionViewController.swift */,
				2DF6F7472753E27800E28BA2 /* Cell */,
				2DF6F74B2754085300E28BA2 /* Model */,
			);
			path = SearchResultsVC;
			sourceTree = "<group>";
		};
		2DF6F7472753E27800E28BA2 /* Cell */ = {
			isa = PBXGroup;
			children = (
				2DF6F7402753CA6000E28BA2 /* SearchCollectionViewCell.swift */,
				2DF6F7422753CABC00E28BA2 /* SearchCellView.swift */,
			);
			path = Cell;
			sourceTree = "<group>";
		};
		2DF6F7482753E28700E28BA2 /* Helpers */ = {
			isa = PBXGroup;
			children = (
				2DF6F7442753E0F500E28BA2 /* VerticalStackView.swift */,
				2DC3F64727692F7400C704F3 /* BackEnabledNavigationController.swift */,
				2D163D722757F7D4002AAF6F /* HorizontalSnappingView.swift */,
			);
			path = Helpers;
			sourceTree = "<group>";
		};
		2DF6F74B2754085300E28BA2 /* Model */ = {
			isa = PBXGroup;
			children = (
				2DF6F7492754036800E28BA2 /* SearchResultsModel.swift */,
			);
			path = Model;
			sourceTree = "<group>";
		};
		2DF6F74E27540D3000E28BA2 /* NetworkManager */ = {
			isa = PBXGroup;
			children = (
				2DF6F74F27540D5800E28BA2 /* NetworkManager.swift */,
			);
			path = NetworkManager;
			sourceTree = "<group>";
		};
		A75F8324C8626D40F8BD3EC2 /* Pods */ = {
			isa = PBXGroup;
			children = (
				2C6321E9341326FEB1F303E0 /* Pods-AppStoreClone.debug.xcconfig */,
				108DF943DB2247A4C922FA09 /* Pods-AppStoreClone.release.xcconfig */,
			);
			path = Pods;
			sourceTree = "<group>";
		};
/* End PBXGroup section */

/* Begin PBXNativeTarget section */
		2D1389512753A04600CCED93 /* AppStoreClone */ = {
			isa = PBXNativeTarget;
			buildConfigurationList = 2D1389662753A04800CCED93 /* Build configuration list for PBXNativeTarget "AppStoreClone" */;
			buildPhases = (
				09D0A4D0CDD5428944A83827 /* [CP] Check Pods Manifest.lock */,
				2D13894E2753A04600CCED93 /* Sources */,
				2D13894F2753A04600CCED93 /* Frameworks */,
				2D1389502753A04600CCED93 /* Resources */,
				D19A6EC051A9DCED9C82BB26 /* [CP] Embed Pods Frameworks */,
				2DC3911F276F3AA300D70551 /* ShellScript */,
			);
			buildRules = (
			);
			dependencies = (
			);
			name = AppStoreClone;
			productName = AppStoreClone;
			productReference = 2D1389522753A04600CCED93 /* AppStoreClone.app */;
			productType = "com.apple.product-type.application";
		};
/* End PBXNativeTarget section */

/* Begin PBXProject section */
		2D13894A2753A04600CCED93 /* Project object */ = {
			isa = PBXProject;
			attributes = {
				BuildIndependentTargetsInParallel = 1;
				LastSwiftUpdateCheck = 1300;
				LastUpgradeCheck = 1300;
				TargetAttributes = {
					2D1389512753A04600CCED93 = {
						CreatedOnToolsVersion = 13.0;
					};
				};
			};
			buildConfigurationList = 2D13894D2753A04600CCED93 /* Build configuration list for PBXProject "AppStoreClone" */;
			compatibilityVersion = "Xcode 12.0";
			developmentRegion = en;
			hasScannedForEncodings = 0;
			knownRegions = (
				en,
				Base,
			);
			mainGroup = 2D1389492753A04600CCED93;
			productRefGroup = 2D1389532753A04600CCED93 /* Products */;
			projectDirPath = "";
			projectRoot = "";
			targets = (
				2D1389512753A04600CCED93 /* AppStoreClone */,
			);
		};
/* End PBXProject section */

/* Begin PBXResourcesBuildPhase section */
		2D1389502753A04600CCED93 /* Resources */ = {
			isa = PBXResourcesBuildPhase;
			buildActionMask = 2147483647;
			files = (
				2D1389622753A04800CCED93 /* LaunchScreen.storyboard in Resources */,
				2D13895F2753A04800CCED93 /* Assets.xcassets in Resources */,
				2D13895D2753A04600CCED93 /* Main.storyboard in Resources */,
			);
			runOnlyForDeploymentPostprocessing = 0;
		};
/* End PBXResourcesBuildPhase section */

/* Begin PBXShellScriptBuildPhase section */
		09D0A4D0CDD5428944A83827 /* [CP] Check Pods Manifest.lock */ = {
			isa = PBXShellScriptBuildPhase;
			buildActionMask = 2147483647;
			files = (
			);
			inputFileListPaths = (
			);
			inputPaths = (
				"${PODS_PODFILE_DIR_PATH}/Podfile.lock",
				"${PODS_ROOT}/Manifest.lock",
			);
			name = "[CP] Check Pods Manifest.lock";
			outputFileListPaths = (
			);
			outputPaths = (
				"$(DERIVED_FILE_DIR)/Pods-AppStoreClone-checkManifestLockResult.txt",
			);
			runOnlyForDeploymentPostprocessing = 0;
			shellPath = /bin/sh;
			shellScript = "diff \"${PODS_PODFILE_DIR_PATH}/Podfile.lock\" \"${PODS_ROOT}/Manifest.lock\" > /dev/null\nif [ $? != 0 ] ; then\n    # print error to STDERR\n    echo \"error: The sandbox is not in sync with the Podfile.lock. Run 'pod install' or update your CocoaPods installation.\" >&2\n    exit 1\nfi\n# This output is used by Xcode 'outputs' to avoid re-running this script phase.\necho \"SUCCESS\" > \"${SCRIPT_OUTPUT_FILE_0}\"\n";
			showEnvVarsInLog = 0;
		};
		2DC3911F276F3AA300D70551 /* ShellScript */ = {
			isa = PBXShellScriptBuildPhase;
			buildActionMask = 12;
			files = (
			);
			inputFileListPaths = (
			);
			inputPaths = (
			);
			outputFileListPaths = (
			);
			outputPaths = (
			);
			runOnlyForDeploymentPostprocessing = 0;
			shellPath = /bin/sh;
			shellScript = "${PODS_ROOT}/SwiftLint/swiftlint\n";
		};
		D19A6EC051A9DCED9C82BB26 /* [CP] Embed Pods Frameworks */ = {
			isa = PBXShellScriptBuildPhase;
			buildActionMask = 2147483647;
			files = (
			);
			inputFileListPaths = (
				"${PODS_ROOT}/Target Support Files/Pods-AppStoreClone/Pods-AppStoreClone-frameworks-${CONFIGURATION}-input-files.xcfilelist",
			);
			name = "[CP] Embed Pods Frameworks";
			outputFileListPaths = (
				"${PODS_ROOT}/Target Support Files/Pods-AppStoreClone/Pods-AppStoreClone-frameworks-${CONFIGURATION}-output-files.xcfilelist",
			);
			runOnlyForDeploymentPostprocessing = 0;
			shellPath = /bin/sh;
			shellScript = "\"${PODS_ROOT}/Target Support Files/Pods-AppStoreClone/Pods-AppStoreClone-frameworks.sh\"\n";
			showEnvVarsInLog = 0;
		};
/* End PBXShellScriptBuildPhase section */

/* Begin PBXSourcesBuildPhase section */
		2D13894E2753A04600CCED93 /* Sources */ = {
			isa = PBXSourcesBuildPhase;
			buildActionMask = 2147483647;
			files = (
				2D263F1F2755364E0039AC5F /* HorizontalCollectionViewController.swift in Sources */,
				2D44D1C42755656F0000A749 /* AppsFetchModel.swift in Sources */,
				2DF6F7432753CABC00E28BA2 /* SearchCellView.swift in Sources */,
				2D5DA86527594AB9008CAB09 /* HorizontalReviewCell.swift in Sources */,
				2D86E798276288600091E8FE /* TodayListView.swift in Sources */,
				2D13896C2753AD4100CCED93 /* SearchCollectionViewController.swift in Sources */,
				2D13895A2753A04600CCED93 /* ViewController.swift in Sources */,
				2D163D7727580B23002AAF6F /* DetailViewCell.swift in Sources */,
				2DDC7227275AB2F500F233C5 /* ReviewsModel.swift in Sources */,
				2D5DA85A27592EF0008CAB09 /* PreviewCell.swift in Sources */,
				2D5DA85C27592F7B008CAB09 /* HorizontalPreviewController.swift in Sources */,
				2D44D1C12755607A0000A749 /* HeaderCell.swift in Sources */,
				2D4F8B59275E9340003B100F /* TodayCell.swift in Sources */,
				2D163D6F2757D21B002AAF6F /* AppsNewsModel.swift in Sources */,
				2DA9AA78276E6B9600220DC9 /* FloatingControlsView.swift in Sources */,
				2D5DA86127594883008CAB09 /* ReviewViewCell.swift in Sources */,
				2DF6F7412753CA6000E28BA2 /* SearchCollectionViewCell.swift in Sources */,
				2DBCD1EB275FD82B005B7C02 /* TodayFullScreenView.swift in Sources */,
				2D163D712757D747002AAF6F /* AppsView.swift in Sources */,
				2DC3F64827692F7400C704F3 /* BackEnabledNavigationController.swift in Sources */,
				2D263F192755343F0039AC5F /* AppsCollectionViewController.swift in Sources */,
				2D86E794276275100091E8FE /* MultiplyController.swift in Sources */,
				2D245BFA2761316700781E6C /* TodayItem.swift in Sources */,
				2D263F1D275535400039AC5F /* AppsCollectionViewCell.swift in Sources */,
				2D86E7962762757C0091E8FE /* MultiplyCell.swift in Sources */,
				2DBCD1ED275FE801005B7C02 /* TopFullViewCell.swift in Sources */,
				2DF6F75027540D5800E28BA2 /* NetworkManager.swift in Sources */,
				2D163D732757F7D4002AAF6F /* HorizontalSnappingView.swift in Sources */,
				2DBCD1EF275FEA30005B7C02 /* FullViewDescriptionCell.swift in Sources */,
				2D13896A2753A32800CCED93 /* TabBarController.swift in Sources */,
				2D5DA85E27593150008CAB09 /* HorizontalPreviewCell.swift in Sources */,
				2D163D7527580091002AAF6F /* DetailAppsController.swift in Sources */,
				2D4F8B56275E9294003B100F /* TodayController.swift in Sources */,
				2DF6F7452753E0F500E28BA2 /* VerticalStackView.swift in Sources */,
				2DD1E52627626533000F8898 /* TodayMultiplyCell.swift in Sources */,
				2D1389562753A04600CCED93 /* AppDelegate.swift in Sources */,
				2D1389582753A04600CCED93 /* SceneDelegate.swift in Sources */,
				2DD1E52827626A8B000F8898 /* BaseTodayCell.swift in Sources */,
				2DF6F74A2754036800E28BA2 /* SearchResultsModel.swift in Sources */,
				2D263F2127554AE80039AC5F /* AppsCell.swift in Sources */,
				2D44D1BD27555E160000A749 /* HeaderView.swift in Sources */,
				2D5DA863275949FE008CAB09 /* HorizontalReviewController.swift in Sources */,
				2D44D1BF27555F4A0000A749 /* HeaderCollectionViewController.swift in Sources */,
			);
			runOnlyForDeploymentPostprocessing = 0;
		};
/* End PBXSourcesBuildPhase section */

/* Begin PBXVariantGroup section */
		2D13895B2753A04600CCED93 /* Main.storyboard */ = {
			isa = PBXVariantGroup;
			children = (
				2D13895C2753A04600CCED93 /* Base */,
			);
			name = Main.storyboard;
			sourceTree = "<group>";
		};
		2D1389602753A04800CCED93 /* LaunchScreen.storyboard */ = {
			isa = PBXVariantGroup;
			children = (
				2D1389612753A04800CCED93 /* Base */,
			);
			name = LaunchScreen.storyboard;
			sourceTree = "<group>";
		};
/* End PBXVariantGroup section */

/* Begin XCBuildConfiguration section */
		2D1389642753A04800CCED93 /* Debug */ = {
			isa = XCBuildConfiguration;
			buildSettings = {
				ALWAYS_SEARCH_USER_PATHS = NO;
				CLANG_ANALYZER_NONNULL = YES;
				CLANG_ANALYZER_NUMBER_OBJECT_CONVERSION = YES_AGGRESSIVE;
				CLANG_CXX_LANGUAGE_STANDARD = "gnu++17";
				CLANG_CXX_LIBRARY = "libc++";
				CLANG_ENABLE_MODULES = YES;
				CLANG_ENABLE_OBJC_ARC = YES;
				CLANG_ENABLE_OBJC_WEAK = YES;
				CLANG_WARN_BLOCK_CAPTURE_AUTORELEASING = YES;
				CLANG_WARN_BOOL_CONVERSION = YES;
				CLANG_WARN_COMMA = YES;
				CLANG_WARN_CONSTANT_CONVERSION = YES;
				CLANG_WARN_DEPRECATED_OBJC_IMPLEMENTATIONS = YES;
				CLANG_WARN_DIRECT_OBJC_ISA_USAGE = YES_ERROR;
				CLANG_WARN_DOCUMENTATION_COMMENTS = YES;
				CLANG_WARN_EMPTY_BODY = YES;
				CLANG_WARN_ENUM_CONVERSION = YES;
				CLANG_WARN_INFINITE_RECURSION = YES;
				CLANG_WARN_INT_CONVERSION = YES;
				CLANG_WARN_NON_LITERAL_NULL_CONVERSION = YES;
				CLANG_WARN_OBJC_IMPLICIT_RETAIN_SELF = YES;
				CLANG_WARN_OBJC_LITERAL_CONVERSION = YES;
				CLANG_WARN_OBJC_ROOT_CLASS = YES_ERROR;
				CLANG_WARN_QUOTED_INCLUDE_IN_FRAMEWORK_HEADER = YES;
				CLANG_WARN_RANGE_LOOP_ANALYSIS = YES;
				CLANG_WARN_STRICT_PROTOTYPES = YES;
				CLANG_WARN_SUSPICIOUS_MOVE = YES;
				CLANG_WARN_UNGUARDED_AVAILABILITY = YES_AGGRESSIVE;
				CLANG_WARN_UNREACHABLE_CODE = YES;
				CLANG_WARN__DUPLICATE_METHOD_MATCH = YES;
				COPY_PHASE_STRIP = NO;
				DEBUG_INFORMATION_FORMAT = dwarf;
				ENABLE_STRICT_OBJC_MSGSEND = YES;
				ENABLE_TESTABILITY = YES;
				GCC_C_LANGUAGE_STANDARD = gnu11;
				GCC_DYNAMIC_NO_PIC = NO;
				GCC_NO_COMMON_BLOCKS = YES;
				GCC_OPTIMIZATION_LEVEL = 0;
				GCC_PREPROCESSOR_DEFINITIONS = (
					"DEBUG=1",
					"$(inherited)",
				);
				GCC_WARN_64_TO_32_BIT_CONVERSION = YES;
				GCC_WARN_ABOUT_RETURN_TYPE = YES_ERROR;
				GCC_WARN_UNDECLARED_SELECTOR = YES;
				GCC_WARN_UNINITIALIZED_AUTOS = YES_AGGRESSIVE;
				GCC_WARN_UNUSED_FUNCTION = YES;
				GCC_WARN_UNUSED_VARIABLE = YES;
				IPHONEOS_DEPLOYMENT_TARGET = 15.0;
				MTL_ENABLE_DEBUG_INFO = INCLUDE_SOURCE;
				MTL_FAST_MATH = YES;
				ONLY_ACTIVE_ARCH = YES;
				SDKROOT = iphoneos;
				SWIFT_ACTIVE_COMPILATION_CONDITIONS = DEBUG;
				SWIFT_OPTIMIZATION_LEVEL = "-Onone";
			};
			name = Debug;
		};
		2D1389652753A04800CCED93 /* Release */ = {
			isa = XCBuildConfiguration;
			buildSettings = {
				ALWAYS_SEARCH_USER_PATHS = NO;
				CLANG_ANALYZER_NONNULL = YES;
				CLANG_ANALYZER_NUMBER_OBJECT_CONVERSION = YES_AGGRESSIVE;
				CLANG_CXX_LANGUAGE_STANDARD = "gnu++17";
				CLANG_CXX_LIBRARY = "libc++";
				CLANG_ENABLE_MODULES = YES;
				CLANG_ENABLE_OBJC_ARC = YES;
				CLANG_ENABLE_OBJC_WEAK = YES;
				CLANG_WARN_BLOCK_CAPTURE_AUTORELEASING = YES;
				CLANG_WARN_BOOL_CONVERSION = YES;
				CLANG_WARN_COMMA = YES;
				CLANG_WARN_CONSTANT_CONVERSION = YES;
				CLANG_WARN_DEPRECATED_OBJC_IMPLEMENTATIONS = YES;
				CLANG_WARN_DIRECT_OBJC_ISA_USAGE = YES_ERROR;
				CLANG_WARN_DOCUMENTATION_COMMENTS = YES;
				CLANG_WARN_EMPTY_BODY = YES;
				CLANG_WARN_ENUM_CONVERSION = YES;
				CLANG_WARN_INFINITE_RECURSION = YES;
				CLANG_WARN_INT_CONVERSION = YES;
				CLANG_WARN_NON_LITERAL_NULL_CONVERSION = YES;
				CLANG_WARN_OBJC_IMPLICIT_RETAIN_SELF = YES;
				CLANG_WARN_OBJC_LITERAL_CONVERSION = YES;
				CLANG_WARN_OBJC_ROOT_CLASS = YES_ERROR;
				CLANG_WARN_QUOTED_INCLUDE_IN_FRAMEWORK_HEADER = YES;
				CLANG_WARN_RANGE_LOOP_ANALYSIS = YES;
				CLANG_WARN_STRICT_PROTOTYPES = YES;
				CLANG_WARN_SUSPICIOUS_MOVE = YES;
				CLANG_WARN_UNGUARDED_AVAILABILITY = YES_AGGRESSIVE;
				CLANG_WARN_UNREACHABLE_CODE = YES;
				CLANG_WARN__DUPLICATE_METHOD_MATCH = YES;
				COPY_PHASE_STRIP = NO;
				DEBUG_INFORMATION_FORMAT = "dwarf-with-dsym";
				ENABLE_NS_ASSERTIONS = NO;
				ENABLE_STRICT_OBJC_MSGSEND = YES;
				GCC_C_LANGUAGE_STANDARD = gnu11;
				GCC_NO_COMMON_BLOCKS = YES;
				GCC_WARN_64_TO_32_BIT_CONVERSION = YES;
				GCC_WARN_ABOUT_RETURN_TYPE = YES_ERROR;
				GCC_WARN_UNDECLARED_SELECTOR = YES;
				GCC_WARN_UNINITIALIZED_AUTOS = YES_AGGRESSIVE;
				GCC_WARN_UNUSED_FUNCTION = YES;
				GCC_WARN_UNUSED_VARIABLE = YES;
				IPHONEOS_DEPLOYMENT_TARGET = 15.0;
				MTL_ENABLE_DEBUG_INFO = NO;
				MTL_FAST_MATH = YES;
				SDKROOT = iphoneos;
				SWIFT_COMPILATION_MODE = wholemodule;
				SWIFT_OPTIMIZATION_LEVEL = "-O";
				VALIDATE_PRODUCT = YES;
			};
			name = Release;
		};
		2D1389672753A04800CCED93 /* Debug */ = {
			isa = XCBuildConfiguration;
			baseConfigurationReference = 2C6321E9341326FEB1F303E0 /* Pods-AppStoreClone.debug.xcconfig */;
			buildSettings = {
				ASSETCATALOG_COMPILER_APPICON_NAME = AppIcon;
				ASSETCATALOG_COMPILER_GLOBAL_ACCENT_COLOR_NAME = AccentColor;
				CODE_SIGN_STYLE = Automatic;
				CURRENT_PROJECT_VERSION = 1;
				DEVELOPMENT_TEAM = RX93WCSR44;
				GENERATE_INFOPLIST_FILE = YES;
				INFOPLIST_FILE = AppStoreClone/Info.plist;
				INFOPLIST_KEY_UIApplicationSupportsIndirectInputEvents = YES;
				INFOPLIST_KEY_UILaunchStoryboardName = LaunchScreen;
				INFOPLIST_KEY_UIMainStoryboardFile = Main;
				INFOPLIST_KEY_UISupportedInterfaceOrientations_iPad = "UIInterfaceOrientationPortrait UIInterfaceOrientationPortraitUpsideDown UIInterfaceOrientationLandscapeLeft UIInterfaceOrientationLandscapeRight";
				INFOPLIST_KEY_UISupportedInterfaceOrientations_iPhone = "UIInterfaceOrientationPortrait UIInterfaceOrientationLandscapeLeft UIInterfaceOrientationLandscapeRight";
				LD_RUNPATH_SEARCH_PATHS = (
					"$(inherited)",
					"@executable_path/Frameworks",
				);
				MARKETING_VERSION = 1.0;
				PRODUCT_BUNDLE_IDENTIFIER = phoebeeCauld.AppStoreClone;
				PRODUCT_NAME = "$(TARGET_NAME)";
				SWIFT_EMIT_LOC_STRINGS = YES;
				SWIFT_VERSION = 5.0;
				TARGETED_DEVICE_FAMILY = "1,2";
			};
			name = Debug;
		};
		2D1389682753A04800CCED93 /* Release */ = {
			isa = XCBuildConfiguration;
			baseConfigurationReference = 108DF943DB2247A4C922FA09 /* Pods-AppStoreClone.release.xcconfig */;
			buildSettings = {
				ASSETCATALOG_COMPILER_APPICON_NAME = AppIcon;
				ASSETCATALOG_COMPILER_GLOBAL_ACCENT_COLOR_NAME = AccentColor;
				CODE_SIGN_STYLE = Automatic;
				CURRENT_PROJECT_VERSION = 1;
				DEVELOPMENT_TEAM = RX93WCSR44;
				GENERATE_INFOPLIST_FILE = YES;
				INFOPLIST_FILE = AppStoreClone/Info.plist;
				INFOPLIST_KEY_UIApplicationSupportsIndirectInputEvents = YES;
				INFOPLIST_KEY_UILaunchStoryboardName = LaunchScreen;
				INFOPLIST_KEY_UIMainStoryboardFile = Main;
				INFOPLIST_KEY_UISupportedInterfaceOrientations_iPad = "UIInterfaceOrientationPortrait UIInterfaceOrientationPortraitUpsideDown UIInterfaceOrientationLandscapeLeft UIInterfaceOrientationLandscapeRight";
				INFOPLIST_KEY_UISupportedInterfaceOrientations_iPhone = "UIInterfaceOrientationPortrait UIInterfaceOrientationLandscapeLeft UIInterfaceOrientationLandscapeRight";
				LD_RUNPATH_SEARCH_PATHS = (
					"$(inherited)",
					"@executable_path/Frameworks",
				);
				MARKETING_VERSION = 1.0;
				PRODUCT_BUNDLE_IDENTIFIER = phoebeeCauld.AppStoreClone;
				PRODUCT_NAME = "$(TARGET_NAME)";
				SWIFT_EMIT_LOC_STRINGS = YES;
				SWIFT_VERSION = 5.0;
				TARGETED_DEVICE_FAMILY = "1,2";
			};
			name = Release;
		};
/* End XCBuildConfiguration section */

/* Begin XCConfigurationList section */
		2D13894D2753A04600CCED93 /* Build configuration list for PBXProject "AppStoreClone" */ = {
			isa = XCConfigurationList;
			buildConfigurations = (
				2D1389642753A04800CCED93 /* Debug */,
				2D1389652753A04800CCED93 /* Release */,
			);
			defaultConfigurationIsVisible = 0;
			defaultConfigurationName = Release;
		};
		2D1389662753A04800CCED93 /* Build configuration list for PBXNativeTarget "AppStoreClone" */ = {
			isa = XCConfigurationList;
			buildConfigurations = (
				2D1389672753A04800CCED93 /* Debug */,
				2D1389682753A04800CCED93 /* Release */,
			);
			defaultConfigurationIsVisible = 0;
			defaultConfigurationName = Release;
		};
/* End XCConfigurationList section */
	};
	rootObject = 2D13894A2753A04600CCED93 /* Project object */;
}
